
Microsoft Visual Studio Solution File, Format Version 12.00
# Visual Studio Version 16
VisualStudioVersion = 16.0.31605.320
MinimumVisualStudioVersion = 10.0.40219.1
Project("{FAE04EC0-301F-11D3-BF4B-00C04F79EFBC}") = "PenghitungKonsumsiDaya", "PenghitungKonsumsiDaya\PenghitungKonsumsiDaya.csproj", "{09B9FFAA-6B7D-4791-A8C6-B5877F90F67A}"
EndProject
Global
	GlobalSection(SolutionConfigurationPlatforms) = preSolution
		Debug|Any CPU = Debug|Any CPU
		Release|Any CPU = Release|Any CPU
	EndGlobalSection
	GlobalSection(ProjectConfigurationPlatforms) = postSolution
		{09B9FFAA-6B7D-4791-A8C6-B5877F90F67A}.Debug|Any CPU.ActiveCfg = Debug|Any CPU
		{09B9FFAA-6B7D-4791-A8C6-B5877F90F67A}.Debug|Any CPU.Build.0 = Debug|Any CPU
		{09B9FFAA-6B7D-4791-A8C6-B5877F90F67A}.Release|Any CPU.ActiveCfg = Release|Any CPU
		{09B9FFAA-6B7D-4791-A8C6-B5877F90F67A}.Release|Any CPU.Build.0 = Release|Any CPU
	EndGlobalSection
	GlobalSection(SolutionProperties) = preSolution
		HideSolutionNode = FALSE
	EndGlobalSection
	GlobalSection(ExtensibilityGlobals) = postSolution
		SolutionGuid = {6D7AAED5-905C-49B5-89A0-3C244AEC5140}
	EndGlobalSection
EndGlobal
